<?xml version="1.0" encoding="utf-8"?>
<Project ToolsVersion="4.0" xmlns="http://schemas.microsoft.com/developer/msbuild/2003">
  <ItemGroup>
    <Filter Include="..">
      <UniqueIdentifier>{61705900-4DFC-870B-B6AA-880BA255880B}</UniqueIdentifier>
    </Filter>
    <Filter Include="..\vendor">
      <UniqueIdentifier>{9EAFE090-0A1A-9507-5358-46ADBF01735C}</UniqueIdentifier>
    </Filter>
    <Filter Include="..\vendor\ImGuizmo">
      <UniqueIdentifier>{BE93E47A-AA77-A5D0-13D8-9F23FFDA8F52}</UniqueIdentifier>
    </Filter>
    <Filter Include="vendor">
      <UniqueIdentifier>{B3738122-9F15-ACF8-88D0-BF4C74113349}</UniqueIdentifier>
    </Filter>
    <Filter Include="vendor\stb_image">
      <UniqueIdentifier>{0DA0BA59-F998-D9AB-22CB-BE300E23B9B7}</UniqueIdentifier>
    </Filter>
  </ItemGroup>
  <ItemGroup>
    <ClInclude Include="..\vendor\ImGuizmo\ImGuizmo.h">
      <Filter>..\vendor\ImGuizmo</Filter>
    </ClInclude>
  </ItemGroup>
  <ItemGroup>
    <ClCompile Include="..\vendor\ImGuizmo\ImGuizmo.cpp">
      <Filter>..\vendor\ImGuizmo</Filter>
    </ClCompile>
    <ClCompile Include="vendor\stb_image\stb_image.cpp">
      <Filter>vendor\stb_image</Filter>
    </ClCompile>
  </ItemGroup>
  <ItemGroup>
    <None Include="..\cpp.hint">
      <Filter>..</Filter>
    </None>
    <None Include="..\premake5.lua">
      <Filter>..</Filter>
    </None>
    <None Include="..\vcpkg.json">
      <Filter>..</Filter>
    </None>
  </ItemGroup>
</Project>